
Microsoft Visual Studio Solution File, Format Version 12.00
# Visual Studio 15
VisualStudioVersion = 15.0.28307.421
MinimumVisualStudioVersion = 10.0.40219.1
Project("{9A19103F-16F7-4668-BE54-9A1E7A4F7556}") = "AluminumFoil", "AluminumFoil\AluminumFoil.csproj", "{D8E09E76-550C-4F75-8979-A3E66DC650C1}"
EndProject
Project("{9A19103F-16F7-4668-BE54-9A1E7A4F7556}") = "AluminumFoil.Mac", "AluminumFoil.Mac\AluminumFoil.Mac.csproj", "{D455DB97-EEAD-459A-A5A1-278E4A9FAB5E}"
EndProject
Project("{FAE04EC0-301F-11D3-BF4B-00C04F79EFBC}") = "AluminumFoil.Windows", "AluminumFoil.Windows\AluminumFoil.Windows.csproj", "{900594F1-9033-4828-825A-47D58B7285A6}"
EndProject
Global
	GlobalSection(SolutionConfigurationPlatforms) = preSolution
		Debug|Any CPU = Debug|Any CPU
		Debug|x86 = Debug|x86
		Release|Any CPU = Release|Any CPU
		Release|x86 = Release|x86
	EndGlobalSection
	GlobalSection(ProjectConfigurationPlatforms) = postSolution
		{D8E09E76-550C-4F75-8979-A3E66DC650C1}.Debug|Any CPU.ActiveCfg = Debug|Any CPU
		{D8E09E76-550C-4F75-8979-A3E66DC650C1}.Debug|Any CPU.Build.0 = Debug|Any CPU
		{D8E09E76-550C-4F75-8979-A3E66DC650C1}.Debug|x86.ActiveCfg = Debug|Any CPU
		{D8E09E76-550C-4F75-8979-A3E66DC650C1}.Debug|x86.Build.0 = Debug|Any CPU
		{D8E09E76-550C-4F75-8979-A3E66DC650C1}.Release|Any CPU.ActiveCfg = Release|Any CPU
		{D8E09E76-550C-4F75-8979-A3E66DC650C1}.Release|Any CPU.Build.0 = Release|Any CPU
		{D8E09E76-550C-4F75-8979-A3E66DC650C1}.Release|x86.ActiveCfg = Release|Any CPU
		{D8E09E76-550C-4F75-8979-A3E66DC650C1}.Release|x86.Build.0 = Release|Any CPU
		{D455DB97-EEAD-459A-A5A1-278E4A9FAB5E}.Debug|Any CPU.ActiveCfg = Debug|Any CPU
		{D455DB97-EEAD-459A-A5A1-278E4A9FAB5E}.Debug|Any CPU.Build.0 = Debug|Any CPU
		{D455DB97-EEAD-459A-A5A1-278E4A9FAB5E}.Debug|x86.ActiveCfg = Debug|Any CPU
		{D455DB97-EEAD-459A-A5A1-278E4A9FAB5E}.Debug|x86.Build.0 = Debug|Any CPU
		{D455DB97-EEAD-459A-A5A1-278E4A9FAB5E}.Release|Any CPU.ActiveCfg = Release|Any CPU
		{D455DB97-EEAD-459A-A5A1-278E4A9FAB5E}.Release|Any CPU.Build.0 = Release|Any CPU
		{D455DB97-EEAD-459A-A5A1-278E4A9FAB5E}.Release|x86.ActiveCfg = Release|Any CPU
		{D455DB97-EEAD-459A-A5A1-278E4A9FAB5E}.Release|x86.Build.0 = Release|Any CPU
		{900594F1-9033-4828-825A-47D58B7285A6}.Debug|Any CPU.ActiveCfg = Debug|x86
		{900594F1-9033-4828-825A-47D58B7285A6}.Debug|x86.ActiveCfg = Debug|x86
		{900594F1-9033-4828-825A-47D58B7285A6}.Debug|x86.Build.0 = Debug|x86
		{900594F1-9033-4828-825A-47D58B7285A6}.Release|Any CPU.ActiveCfg = Release|x86
		{900594F1-9033-4828-825A-47D58B7285A6}.Release|x86.ActiveCfg = Release|x86
		{900594F1-9033-4828-825A-47D58B7285A6}.Release|x86.Build.0 = Release|x86
	EndGlobalSection
	GlobalSection(SolutionProperties) = preSolution
		HideSolutionNode = FALSE
	EndGlobalSection
	GlobalSection(ExtensibilityGlobals) = postSolution
		SolutionGuid = {A78724BD-FD0A-4C88-878B-A77C19077861}
	EndGlobalSection
EndGlobal
